<Solution>
  <Project Path="Zenject.csproj" />
  <Project Path="Zenject-IntegrationTests-Editor.csproj" />
  <Project Path="Zenject-ReflectionBaking-Editor.csproj" />
  <Project Path="Zenject-UnitTests-Editor.csproj" />
  <Project Path="Zenject-Editor.csproj" />
  <Project Path="Zenject-IntegrationTests.csproj" />
  <Project Path="ConveyorWars.Application.csproj" />
  <Project Path="Assembly-CSharp-firstpass.csproj" />
  <Project Path="Zenject-TestFramework.csproj" />
  <Project Path="ConveyorWars.Units.csproj" />
  <Project Path="ConveyorWars.Presentation.csproj" />
  <Project Path="Zenject-PoolMonitor-Editor.csproj" />
  <Project Path="Assembly-CSharp.csproj" />
  <Project Path="Sirenix.OdinInspector.Modules.UnityMathematics.csproj" />
  <Project Path="Assembly-CSharp-Editor.csproj" />
</Solution>
